
Microsoft Visual Studio Solution File, Format Version 12.00
# Visual Studio Version 16
VisualStudioVersion = 16.0.30804.86
MinimumVisualStudioVersion = 10.0.40219.1
Project("{8BC9CEB8-8B4A-11D0-8D11-00A0C91BC942}") = "HelloGL", "HelloGL\HelloGL.vcxproj", "{E0EBBBF1-28A1-42EC-8E6D-0A1549C0DEF6}"
EndProject
Project("{8BC9CEB8-8B4A-11D0-8D11-00A0C91BC942}") = "HelloTriangle", "HelloTriangle\HelloTriangle.vcxproj", "{C6173F1A-3656-4896-A7A7-BC2523875373}"
EndProject
Project("{8BC9CEB8-8B4A-11D0-8D11-00A0C91BC942}") = "Rectangle", "Rectangle\Rectangle.vcxproj", "{D12E2CC9-BB46-4375-951D-BDBFFB209E55}"
EndProject
Project("{8BC9CEB8-8B4A-11D0-8D11-00A0C91BC942}") = "Shaders", "Shaders\Shaders.vcxproj", "{74BDB251-88B4-4A8D-9348-E1D3324F0956}"
EndProject
Project("{8BC9CEB8-8B4A-11D0-8D11-00A0C91BC942}") = "Texture", "Texture\Texture.vcxproj", "{A08A0B25-9357-4245-A7AF-B763379C8206}"
EndProject
Global
	GlobalSection(SolutionConfigurationPlatforms) = preSolution
		Debug|x64 = Debug|x64
		Debug|x86 = Debug|x86
		Release|x64 = Release|x64
		Release|x86 = Release|x86
	EndGlobalSection
	GlobalSection(ProjectConfigurationPlatforms) = postSolution
		{E0EBBBF1-28A1-42EC-8E6D-0A1549C0DEF6}.Debug|x64.ActiveCfg = Debug|x64
		{E0EBBBF1-28A1-42EC-8E6D-0A1549C0DEF6}.Debug|x64.Build.0 = Debug|x64
		{E0EBBBF1-28A1-42EC-8E6D-0A1549C0DEF6}.Debug|x86.ActiveCfg = Debug|Win32
		{E0EBBBF1-28A1-42EC-8E6D-0A1549C0DEF6}.Debug|x86.Build.0 = Debug|Win32
		{E0EBBBF1-28A1-42EC-8E6D-0A1549C0DEF6}.Release|x64.ActiveCfg = Release|x64
		{E0EBBBF1-28A1-42EC-8E6D-0A1549C0DEF6}.Release|x64.Build.0 = Release|x64
		{E0EBBBF1-28A1-42EC-8E6D-0A1549C0DEF6}.Release|x86.ActiveCfg = Release|Win32
		{E0EBBBF1-28A1-42EC-8E6D-0A1549C0DEF6}.Release|x86.Build.0 = Release|Win32
		{C6173F1A-3656-4896-A7A7-BC2523875373}.Debug|x64.ActiveCfg = Debug|x64
		{C6173F1A-3656-4896-A7A7-BC2523875373}.Debug|x64.Build.0 = Debug|x64
		{C6173F1A-3656-4896-A7A7-BC2523875373}.Debug|x86.ActiveCfg = Debug|Win32
		{C6173F1A-3656-4896-A7A7-BC2523875373}.Debug|x86.Build.0 = Debug|Win32
		{C6173F1A-3656-4896-A7A7-BC2523875373}.Release|x64.ActiveCfg = Release|x64
		{C6173F1A-3656-4896-A7A7-BC2523875373}.Release|x64.Build.0 = Release|x64
		{C6173F1A-3656-4896-A7A7-BC2523875373}.Release|x86.ActiveCfg = Release|Win32
		{C6173F1A-3656-4896-A7A7-BC2523875373}.Release|x86.Build.0 = Release|Win32
		{D12E2CC9-BB46-4375-951D-BDBFFB209E55}.Debug|x64.ActiveCfg = Debug|x64
		{D12E2CC9-BB46-4375-951D-BDBFFB209E55}.Debug|x64.Build.0 = Debug|x64
		{D12E2CC9-BB46-4375-951D-BDBFFB209E55}.Debug|x86.ActiveCfg = Debug|Win32
		{D12E2CC9-BB46-4375-951D-BDBFFB209E55}.Debug|x86.Build.0 = Debug|Win32
		{D12E2CC9-BB46-4375-951D-BDBFFB209E55}.Release|x64.ActiveCfg = Release|x64
		{D12E2CC9-BB46-4375-951D-BDBFFB209E55}.Release|x64.Build.0 = Release|x64
		{D12E2CC9-BB46-4375-951D-BDBFFB209E55}.Release|x86.ActiveCfg = Release|Win32
		{D12E2CC9-BB46-4375-951D-BDBFFB209E55}.Release|x86.Build.0 = Release|Win32
		{74BDB251-88B4-4A8D-9348-E1D3324F0956}.Debug|x64.ActiveCfg = Debug|x64
		{74BDB251-88B4-4A8D-9348-E1D3324F0956}.Debug|x64.Build.0 = Debug|x64
		{74BDB251-88B4-4A8D-9348-E1D3324F0956}.Debug|x86.ActiveCfg = Debug|Win32
		{74BDB251-88B4-4A8D-9348-E1D3324F0956}.Debug|x86.Build.0 = Debug|Win32
		{74BDB251-88B4-4A8D-9348-E1D3324F0956}.Release|x64.ActiveCfg = Release|x64
		{74BDB251-88B4-4A8D-9348-E1D3324F0956}.Release|x64.Build.0 = Release|x64
		{74BDB251-88B4-4A8D-9348-E1D3324F0956}.Release|x86.ActiveCfg = Release|Win32
		{74BDB251-88B4-4A8D-9348-E1D3324F0956}.Release|x86.Build.0 = Release|Win32
		{A08A0B25-9357-4245-A7AF-B763379C8206}.Debug|x64.ActiveCfg = Debug|x64
		{A08A0B25-9357-4245-A7AF-B763379C8206}.Debug|x64.Build.0 = Debug|x64
		{A08A0B25-9357-4245-A7AF-B763379C8206}.Debug|x86.ActiveCfg = Debug|Win32
		{A08A0B25-9357-4245-A7AF-B763379C8206}.Debug|x86.Build.0 = Debug|Win32
		{A08A0B25-9357-4245-A7AF-B763379C8206}.Release|x64.ActiveCfg = Release|x64
		{A08A0B25-9357-4245-A7AF-B763379C8206}.Release|x64.Build.0 = Release|x64
		{A08A0B25-9357-4245-A7AF-B763379C8206}.Release|x86.ActiveCfg = Release|Win32
		{A08A0B25-9357-4245-A7AF-B763379C8206}.Release|x86.Build.0 = Release|Win32
	EndGlobalSection
	GlobalSection(SolutionProperties) = preSolution
		HideSolutionNode = FALSE
	EndGlobalSection
	GlobalSection(ExtensibilityGlobals) = postSolution
		SolutionGuid = {012D4BE5-C6FE-45DF-B53A-84CD0AC1C9FE}
	EndGlobalSection
EndGlobal
