
Microsoft Visual Studio Solution File, Format Version 12.00
# Visual Studio Version 16
VisualStudioVersion = 16.0.30804.86
MinimumVisualStudioVersion = 10.0.40219.1
Project("{8BC9CEB8-8B4A-11D0-8D11-00A0C91BC942}") = "HelloGL", "HelloGL\HelloGL.vcxproj", "{E0EBBBF1-28A1-42EC-8E6D-0A1549C0DEF6}"
EndProject
Project("{8BC9CEB8-8B4A-11D0-8D11-00A0C91BC942}") = "HelloTriangle", "HelloTriangle\HelloTriangle.vcxproj", "{C6173F1A-3656-4896-A7A7-BC2523875373}"
EndProject
Project("{8BC9CEB8-8B4A-11D0-8D11-00A0C91BC942}") = "Rectangle", "Rectangle\Rectangle.vcxproj", "{D12E2CC9-BB46-4375-951D-BDBFFB209E55}"
EndProject
Project("{8BC9CEB8-8B4A-11D0-8D11-00A0C91BC942}") = "Shaders", "Shaders\Shaders.vcxproj", "{74BDB251-88B4-4A8D-9348-E1D3324F0956}"
EndProject
Project("{8BC9CEB8-8B4A-11D0-8D11-00A0C91BC942}") = "Texture", "Texture\Texture.vcxproj", "{A08A0B25-9357-4245-A7AF-B763379C8206}"
EndProject
Project("{8BC9CEB8-8B4A-11D0-8D11-00A0C91BC942}") = "Transformation", "Transformation\Transformation.vcxproj", "{2496D202-AEAB-4DD3-A0AC-60E256375DB1}"
EndProject
Project("{8BC9CEB8-8B4A-11D0-8D11-00A0C91BC942}") = "CoordinateSystem", "CoordinateSystem\CoordinateSystem.vcxproj", "{DBB03429-BC4D-4BB2-A479-10C2F30966F2}"
EndProject
Project("{8BC9CEB8-8B4A-11D0-8D11-00A0C91BC942}") = "Cube", "Cube\Cube.vcxproj", "{E6EE8C9E-A67D-4EAC-8EBF-278C4849D555}"
EndProject
Project("{8BC9CEB8-8B4A-11D0-8D11-00A0C91BC942}") = "Camera", "Camera\Camera.vcxproj", "{665A46DE-F6D6-44E4-BF51-49A614ECF08F}"
EndProject
Project("{8BC9CEB8-8B4A-11D0-8D11-00A0C91BC942}") = "Colors", "Colors\Colors.vcxproj", "{2DA31619-56DC-41A1-913E-74364BDBDE1E}"
EndProject
Project("{8BC9CEB8-8B4A-11D0-8D11-00A0C91BC942}") = "BasicLighting", "BasicLighting\BasicLighting.vcxproj", "{12F7F954-B682-45ED-93A1-D5DEBA5EBC44}"
EndProject
Project("{8BC9CEB8-8B4A-11D0-8D11-00A0C91BC942}") = "Materials", "Materials\Materials.vcxproj", "{FD443A3D-F46C-4792-821D-E14D1813F88C}"
EndProject
Project("{8BC9CEB8-8B4A-11D0-8D11-00A0C91BC942}") = "LightingMaps", "LightingMaps\LightingMaps.vcxproj", "{204C90E9-EC54-4EC4-8B44-AAB403B20ED1}"
EndProject
Project("{8BC9CEB8-8B4A-11D0-8D11-00A0C91BC942}") = "LightCasters", "LightCasters\LightCasters.vcxproj", "{CB28676C-B214-413D-A408-BCBA3AC9DADC}"
EndProject
Global
	GlobalSection(SolutionConfigurationPlatforms) = preSolution
		Debug|x64 = Debug|x64
		Debug|x86 = Debug|x86
		Release|x64 = Release|x64
		Release|x86 = Release|x86
	EndGlobalSection
	GlobalSection(ProjectConfigurationPlatforms) = postSolution
		{E0EBBBF1-28A1-42EC-8E6D-0A1549C0DEF6}.Debug|x64.ActiveCfg = Debug|x64
		{E0EBBBF1-28A1-42EC-8E6D-0A1549C0DEF6}.Debug|x64.Build.0 = Debug|x64
		{E0EBBBF1-28A1-42EC-8E6D-0A1549C0DEF6}.Debug|x86.ActiveCfg = Debug|Win32
		{E0EBBBF1-28A1-42EC-8E6D-0A1549C0DEF6}.Debug|x86.Build.0 = Debug|Win32
		{E0EBBBF1-28A1-42EC-8E6D-0A1549C0DEF6}.Release|x64.ActiveCfg = Release|x64
		{E0EBBBF1-28A1-42EC-8E6D-0A1549C0DEF6}.Release|x64.Build.0 = Release|x64
		{E0EBBBF1-28A1-42EC-8E6D-0A1549C0DEF6}.Release|x86.ActiveCfg = Release|Win32
		{E0EBBBF1-28A1-42EC-8E6D-0A1549C0DEF6}.Release|x86.Build.0 = Release|Win32
		{C6173F1A-3656-4896-A7A7-BC2523875373}.Debug|x64.ActiveCfg = Debug|x64
		{C6173F1A-3656-4896-A7A7-BC2523875373}.Debug|x64.Build.0 = Debug|x64
		{C6173F1A-3656-4896-A7A7-BC2523875373}.Debug|x86.ActiveCfg = Debug|Win32
		{C6173F1A-3656-4896-A7A7-BC2523875373}.Debug|x86.Build.0 = Debug|Win32
		{C6173F1A-3656-4896-A7A7-BC2523875373}.Release|x64.ActiveCfg = Release|x64
		{C6173F1A-3656-4896-A7A7-BC2523875373}.Release|x64.Build.0 = Release|x64
		{C6173F1A-3656-4896-A7A7-BC2523875373}.Release|x86.ActiveCfg = Release|Win32
		{C6173F1A-3656-4896-A7A7-BC2523875373}.Release|x86.Build.0 = Release|Win32
		{D12E2CC9-BB46-4375-951D-BDBFFB209E55}.Debug|x64.ActiveCfg = Debug|x64
		{D12E2CC9-BB46-4375-951D-BDBFFB209E55}.Debug|x64.Build.0 = Debug|x64
		{D12E2CC9-BB46-4375-951D-BDBFFB209E55}.Debug|x86.ActiveCfg = Debug|Win32
		{D12E2CC9-BB46-4375-951D-BDBFFB209E55}.Debug|x86.Build.0 = Debug|Win32
		{D12E2CC9-BB46-4375-951D-BDBFFB209E55}.Release|x64.ActiveCfg = Release|x64
		{D12E2CC9-BB46-4375-951D-BDBFFB209E55}.Release|x64.Build.0 = Release|x64
		{D12E2CC9-BB46-4375-951D-BDBFFB209E55}.Release|x86.ActiveCfg = Release|Win32
		{D12E2CC9-BB46-4375-951D-BDBFFB209E55}.Release|x86.Build.0 = Release|Win32
		{74BDB251-88B4-4A8D-9348-E1D3324F0956}.Debug|x64.ActiveCfg = Debug|x64
		{74BDB251-88B4-4A8D-9348-E1D3324F0956}.Debug|x64.Build.0 = Debug|x64
		{74BDB251-88B4-4A8D-9348-E1D3324F0956}.Debug|x86.ActiveCfg = Debug|Win32
		{74BDB251-88B4-4A8D-9348-E1D3324F0956}.Debug|x86.Build.0 = Debug|Win32
		{74BDB251-88B4-4A8D-9348-E1D3324F0956}.Release|x64.ActiveCfg = Release|x64
		{74BDB251-88B4-4A8D-9348-E1D3324F0956}.Release|x64.Build.0 = Release|x64
		{74BDB251-88B4-4A8D-9348-E1D3324F0956}.Release|x86.ActiveCfg = Release|Win32
		{74BDB251-88B4-4A8D-9348-E1D3324F0956}.Release|x86.Build.0 = Release|Win32
		{A08A0B25-9357-4245-A7AF-B763379C8206}.Debug|x64.ActiveCfg = Debug|x64
		{A08A0B25-9357-4245-A7AF-B763379C8206}.Debug|x64.Build.0 = Debug|x64
		{A08A0B25-9357-4245-A7AF-B763379C8206}.Debug|x86.ActiveCfg = Debug|Win32
		{A08A0B25-9357-4245-A7AF-B763379C8206}.Debug|x86.Build.0 = Debug|Win32
		{A08A0B25-9357-4245-A7AF-B763379C8206}.Release|x64.ActiveCfg = Release|x64
		{A08A0B25-9357-4245-A7AF-B763379C8206}.Release|x64.Build.0 = Release|x64
		{A08A0B25-9357-4245-A7AF-B763379C8206}.Release|x86.ActiveCfg = Release|Win32
		{A08A0B25-9357-4245-A7AF-B763379C8206}.Release|x86.Build.0 = Release|Win32
		{2496D202-AEAB-4DD3-A0AC-60E256375DB1}.Debug|x64.ActiveCfg = Debug|x64
		{2496D202-AEAB-4DD3-A0AC-60E256375DB1}.Debug|x64.Build.0 = Debug|x64
		{2496D202-AEAB-4DD3-A0AC-60E256375DB1}.Debug|x86.ActiveCfg = Debug|Win32
		{2496D202-AEAB-4DD3-A0AC-60E256375DB1}.Debug|x86.Build.0 = Debug|Win32
		{2496D202-AEAB-4DD3-A0AC-60E256375DB1}.Release|x64.ActiveCfg = Release|x64
		{2496D202-AEAB-4DD3-A0AC-60E256375DB1}.Release|x64.Build.0 = Release|x64
		{2496D202-AEAB-4DD3-A0AC-60E256375DB1}.Release|x86.ActiveCfg = Release|Win32
		{2496D202-AEAB-4DD3-A0AC-60E256375DB1}.Release|x86.Build.0 = Release|Win32
		{DBB03429-BC4D-4BB2-A479-10C2F30966F2}.Debug|x64.ActiveCfg = Debug|x64
		{DBB03429-BC4D-4BB2-A479-10C2F30966F2}.Debug|x64.Build.0 = Debug|x64
		{DBB03429-BC4D-4BB2-A479-10C2F30966F2}.Debug|x86.ActiveCfg = Debug|Win32
		{DBB03429-BC4D-4BB2-A479-10C2F30966F2}.Debug|x86.Build.0 = Debug|Win32
		{DBB03429-BC4D-4BB2-A479-10C2F30966F2}.Release|x64.ActiveCfg = Release|x64
		{DBB03429-BC4D-4BB2-A479-10C2F30966F2}.Release|x64.Build.0 = Release|x64
		{DBB03429-BC4D-4BB2-A479-10C2F30966F2}.Release|x86.ActiveCfg = Release|Win32
		{DBB03429-BC4D-4BB2-A479-10C2F30966F2}.Release|x86.Build.0 = Release|Win32
		{E6EE8C9E-A67D-4EAC-8EBF-278C4849D555}.Debug|x64.ActiveCfg = Debug|x64
		{E6EE8C9E-A67D-4EAC-8EBF-278C4849D555}.Debug|x64.Build.0 = Debug|x64
		{E6EE8C9E-A67D-4EAC-8EBF-278C4849D555}.Debug|x86.ActiveCfg = Debug|Win32
		{E6EE8C9E-A67D-4EAC-8EBF-278C4849D555}.Debug|x86.Build.0 = Debug|Win32
		{E6EE8C9E-A67D-4EAC-8EBF-278C4849D555}.Release|x64.ActiveCfg = Release|x64
		{E6EE8C9E-A67D-4EAC-8EBF-278C4849D555}.Release|x64.Build.0 = Release|x64
		{E6EE8C9E-A67D-4EAC-8EBF-278C4849D555}.Release|x86.ActiveCfg = Release|Win32
		{E6EE8C9E-A67D-4EAC-8EBF-278C4849D555}.Release|x86.Build.0 = Release|Win32
		{665A46DE-F6D6-44E4-BF51-49A614ECF08F}.Debug|x64.ActiveCfg = Debug|x64
		{665A46DE-F6D6-44E4-BF51-49A614ECF08F}.Debug|x64.Build.0 = Debug|x64
		{665A46DE-F6D6-44E4-BF51-49A614ECF08F}.Debug|x86.ActiveCfg = Debug|Win32
		{665A46DE-F6D6-44E4-BF51-49A614ECF08F}.Debug|x86.Build.0 = Debug|Win32
		{665A46DE-F6D6-44E4-BF51-49A614ECF08F}.Release|x64.ActiveCfg = Release|x64
		{665A46DE-F6D6-44E4-BF51-49A614ECF08F}.Release|x64.Build.0 = Release|x64
		{665A46DE-F6D6-44E4-BF51-49A614ECF08F}.Release|x86.ActiveCfg = Release|Win32
		{665A46DE-F6D6-44E4-BF51-49A614ECF08F}.Release|x86.Build.0 = Release|Win32
		{2DA31619-56DC-41A1-913E-74364BDBDE1E}.Debug|x64.ActiveCfg = Debug|x64
		{2DA31619-56DC-41A1-913E-74364BDBDE1E}.Debug|x64.Build.0 = Debug|x64
		{2DA31619-56DC-41A1-913E-74364BDBDE1E}.Debug|x86.ActiveCfg = Debug|Win32
		{2DA31619-56DC-41A1-913E-74364BDBDE1E}.Debug|x86.Build.0 = Debug|Win32
		{2DA31619-56DC-41A1-913E-74364BDBDE1E}.Release|x64.ActiveCfg = Release|x64
		{2DA31619-56DC-41A1-913E-74364BDBDE1E}.Release|x64.Build.0 = Release|x64
		{2DA31619-56DC-41A1-913E-74364BDBDE1E}.Release|x86.ActiveCfg = Release|Win32
		{2DA31619-56DC-41A1-913E-74364BDBDE1E}.Release|x86.Build.0 = Release|Win32
		{12F7F954-B682-45ED-93A1-D5DEBA5EBC44}.Debug|x64.ActiveCfg = Debug|x64
		{12F7F954-B682-45ED-93A1-D5DEBA5EBC44}.Debug|x64.Build.0 = Debug|x64
		{12F7F954-B682-45ED-93A1-D5DEBA5EBC44}.Debug|x86.ActiveCfg = Debug|Win32
		{12F7F954-B682-45ED-93A1-D5DEBA5EBC44}.Debug|x86.Build.0 = Debug|Win32
		{12F7F954-B682-45ED-93A1-D5DEBA5EBC44}.Release|x64.ActiveCfg = Release|x64
		{12F7F954-B682-45ED-93A1-D5DEBA5EBC44}.Release|x64.Build.0 = Release|x64
		{12F7F954-B682-45ED-93A1-D5DEBA5EBC44}.Release|x86.ActiveCfg = Release|Win32
		{12F7F954-B682-45ED-93A1-D5DEBA5EBC44}.Release|x86.Build.0 = Release|Win32
		{FD443A3D-F46C-4792-821D-E14D1813F88C}.Debug|x64.ActiveCfg = Debug|x64
		{FD443A3D-F46C-4792-821D-E14D1813F88C}.Debug|x64.Build.0 = Debug|x64
		{FD443A3D-F46C-4792-821D-E14D1813F88C}.Debug|x86.ActiveCfg = Debug|Win32
		{FD443A3D-F46C-4792-821D-E14D1813F88C}.Debug|x86.Build.0 = Debug|Win32
		{FD443A3D-F46C-4792-821D-E14D1813F88C}.Release|x64.ActiveCfg = Release|x64
		{FD443A3D-F46C-4792-821D-E14D1813F88C}.Release|x64.Build.0 = Release|x64
		{FD443A3D-F46C-4792-821D-E14D1813F88C}.Release|x86.ActiveCfg = Release|Win32
		{FD443A3D-F46C-4792-821D-E14D1813F88C}.Release|x86.Build.0 = Release|Win32
		{204C90E9-EC54-4EC4-8B44-AAB403B20ED1}.Debug|x64.ActiveCfg = Debug|x64
		{204C90E9-EC54-4EC4-8B44-AAB403B20ED1}.Debug|x64.Build.0 = Debug|x64
		{204C90E9-EC54-4EC4-8B44-AAB403B20ED1}.Debug|x86.ActiveCfg = Debug|Win32
		{204C90E9-EC54-4EC4-8B44-AAB403B20ED1}.Debug|x86.Build.0 = Debug|Win32
		{204C90E9-EC54-4EC4-8B44-AAB403B20ED1}.Release|x64.ActiveCfg = Release|x64
		{204C90E9-EC54-4EC4-8B44-AAB403B20ED1}.Release|x64.Build.0 = Release|x64
		{204C90E9-EC54-4EC4-8B44-AAB403B20ED1}.Release|x86.ActiveCfg = Release|Win32
		{204C90E9-EC54-4EC4-8B44-AAB403B20ED1}.Release|x86.Build.0 = Release|Win32
		{CB28676C-B214-413D-A408-BCBA3AC9DADC}.Debug|x64.ActiveCfg = Debug|x64
		{CB28676C-B214-413D-A408-BCBA3AC9DADC}.Debug|x64.Build.0 = Debug|x64
		{CB28676C-B214-413D-A408-BCBA3AC9DADC}.Debug|x86.ActiveCfg = Debug|Win32
		{CB28676C-B214-413D-A408-BCBA3AC9DADC}.Debug|x86.Build.0 = Debug|Win32
		{CB28676C-B214-413D-A408-BCBA3AC9DADC}.Release|x64.ActiveCfg = Release|x64
		{CB28676C-B214-413D-A408-BCBA3AC9DADC}.Release|x64.Build.0 = Release|x64
		{CB28676C-B214-413D-A408-BCBA3AC9DADC}.Release|x86.ActiveCfg = Release|Win32
		{CB28676C-B214-413D-A408-BCBA3AC9DADC}.Release|x86.Build.0 = Release|Win32
	EndGlobalSection
	GlobalSection(SolutionProperties) = preSolution
		HideSolutionNode = FALSE
	EndGlobalSection
	GlobalSection(ExtensibilityGlobals) = postSolution
		SolutionGuid = {012D4BE5-C6FE-45DF-B53A-84CD0AC1C9FE}
	EndGlobalSection
EndGlobal
